# THIS IS AN AUTOGENERATED FILE. DO NOT EDIT THIS FILE DIRECTLY.
# yarn lockfile v1


lottie-web@^5.7.6:
  version "5.7.6"
  resolved "https://registry.yarnpkg.com/lottie-web/-/lottie-web-5.7.6.tgz#f20e5555ff120dc1e07ba53adb40061e822f3c48"
  integrity sha512-qn/KYMI4QQvFDhtoxs0RPkn9uZKhDB9keE5BKgbJlSRfNEZpRiDlwBE9ibYz4nPhbyE+NUlt8IRIVR7g5OSX3w==
